
Microsoft Visual Studio Solution File, Format Version 12.00
# Visual Studio 15
VisualStudioVersion = 15.0.27703.2026
MinimumVisualStudioVersion = 10.0.40219.1
Project("{FAE04EC0-301F-11D3-BF4B-00C04F79EFBC}") = "CarDealer.App", "CarDealer.App\CarDealer.App.csproj", "{614C9D84-BE8C-4A0B-9BF7-AE9E91710E4A}"
EndProject
Project("{FAE04EC0-301F-11D3-BF4B-00C04F79EFBC}") = "CarDealer.Models", "CarDealer.Models\CarDealer.Models.csproj", "{91922232-1CFF-43C3-9B5F-3914056E392F}"
EndProject
Project("{FAE04EC0-301F-11D3-BF4B-00C04F79EFBC}") = "CarDealer.Data", "CarDealer.Data\CarDealer.Data.csproj", "{08FADB14-A86E-4C71-AE3B-3C611139C0FE}"
EndProject
Global
	GlobalSection(SolutionConfigurationPlatforms) = preSolution
		Debug|Any CPU = Debug|Any CPU
		Release|Any CPU = Release|Any CPU
	EndGlobalSection
	GlobalSection(ProjectConfigurationPlatforms) = postSolution
		{614C9D84-BE8C-4A0B-9BF7-AE9E91710E4A}.Debug|Any CPU.ActiveCfg = Debug|Any CPU
		{614C9D84-BE8C-4A0B-9BF7-AE9E91710E4A}.Debug|Any CPU.Build.0 = Debug|Any CPU
		{614C9D84-BE8C-4A0B-9BF7-AE9E91710E4A}.Release|Any CPU.ActiveCfg = Release|Any CPU
		{614C9D84-BE8C-4A0B-9BF7-AE9E91710E4A}.Release|Any CPU.Build.0 = Release|Any CPU
		{91922232-1CFF-43C3-9B5F-3914056E392F}.Debug|Any CPU.ActiveCfg = Debug|Any CPU
		{91922232-1CFF-43C3-9B5F-3914056E392F}.Debug|Any CPU.Build.0 = Debug|Any CPU
		{91922232-1CFF-43C3-9B5F-3914056E392F}.Release|Any CPU.ActiveCfg = Release|Any CPU
		{91922232-1CFF-43C3-9B5F-3914056E392F}.Release|Any CPU.Build.0 = Release|Any CPU
		{08FADB14-A86E-4C71-AE3B-3C611139C0FE}.Debug|Any CPU.ActiveCfg = Debug|Any CPU
		{08FADB14-A86E-4C71-AE3B-3C611139C0FE}.Debug|Any CPU.Build.0 = Debug|Any CPU
		{08FADB14-A86E-4C71-AE3B-3C611139C0FE}.Release|Any CPU.ActiveCfg = Release|Any CPU
		{08FADB14-A86E-4C71-AE3B-3C611139C0FE}.Release|Any CPU.Build.0 = Release|Any CPU
	EndGlobalSection
	GlobalSection(SolutionProperties) = preSolution
		HideSolutionNode = FALSE
	EndGlobalSection
	GlobalSection(ExtensibilityGlobals) = postSolution
		SolutionGuid = {50156DE6-E73B-4D32-A16C-714E4065272B}
	EndGlobalSection
EndGlobal
