
Microsoft Visual Studio Solution File, Format Version 12.00
# Visual Studio 15
VisualStudioVersion = 15.0.27703.2026
MinimumVisualStudioVersion = 10.0.40219.1
Project("{FAE04EC0-301F-11D3-BF4B-00C04F79EFBC}") = "P03_FootballBetting", "P03_FootballBetting\P03_FootballBetting.csproj", "{AF7C6A8B-BCFB-41B1-B02A-FE20A49E5DD6}"
EndProject
Project("{FAE04EC0-301F-11D3-BF4B-00C04F79EFBC}") = "P03_FootballBetting.Data", "P03_FootballBetting.Data\P03_FootballBetting.Data.csproj", "{1CE72D33-6B47-49C2-B76E-C60E7302EF5B}"
EndProject
Project("{FAE04EC0-301F-11D3-BF4B-00C04F79EFBC}") = "P03_FootballBetting.Data.Models", "P03_FootballBetting.Data.Models\P03_FootballBetting.Data.Models.csproj", "{63310D1B-9FFC-4DEF-9B2B-03C3CF9F7470}"
EndProject
Global
	GlobalSection(SolutionConfigurationPlatforms) = preSolution
		Debug|Any CPU = Debug|Any CPU
		Release|Any CPU = Release|Any CPU
	EndGlobalSection
	GlobalSection(ProjectConfigurationPlatforms) = postSolution
		{AF7C6A8B-BCFB-41B1-B02A-FE20A49E5DD6}.Debug|Any CPU.ActiveCfg = Debug|Any CPU
		{AF7C6A8B-BCFB-41B1-B02A-FE20A49E5DD6}.Debug|Any CPU.Build.0 = Debug|Any CPU
		{AF7C6A8B-BCFB-41B1-B02A-FE20A49E5DD6}.Release|Any CPU.ActiveCfg = Release|Any CPU
		{AF7C6A8B-BCFB-41B1-B02A-FE20A49E5DD6}.Release|Any CPU.Build.0 = Release|Any CPU
		{1CE72D33-6B47-49C2-B76E-C60E7302EF5B}.Debug|Any CPU.ActiveCfg = Debug|Any CPU
		{1CE72D33-6B47-49C2-B76E-C60E7302EF5B}.Debug|Any CPU.Build.0 = Debug|Any CPU
		{1CE72D33-6B47-49C2-B76E-C60E7302EF5B}.Release|Any CPU.ActiveCfg = Release|Any CPU
		{1CE72D33-6B47-49C2-B76E-C60E7302EF5B}.Release|Any CPU.Build.0 = Release|Any CPU
		{63310D1B-9FFC-4DEF-9B2B-03C3CF9F7470}.Debug|Any CPU.ActiveCfg = Debug|Any CPU
		{63310D1B-9FFC-4DEF-9B2B-03C3CF9F7470}.Debug|Any CPU.Build.0 = Debug|Any CPU
		{63310D1B-9FFC-4DEF-9B2B-03C3CF9F7470}.Release|Any CPU.ActiveCfg = Release|Any CPU
		{63310D1B-9FFC-4DEF-9B2B-03C3CF9F7470}.Release|Any CPU.Build.0 = Release|Any CPU
	EndGlobalSection
	GlobalSection(SolutionProperties) = preSolution
		HideSolutionNode = FALSE
	EndGlobalSection
	GlobalSection(ExtensibilityGlobals) = postSolution
		SolutionGuid = {7543A4A0-BEC9-44AF-ACC3-385E79D5461A}
	EndGlobalSection
EndGlobal
