
Microsoft Visual Studio Solution File, Format Version 12.00
# Visual Studio 15
VisualStudioVersion = 15.0.27703.2026
MinimumVisualStudioVersion = 10.0.40219.1
Project("{FAE04EC0-301F-11D3-BF4B-00C04F79EFBC}") = "ProductShop.App", "ProductShop.App\ProductShop.App.csproj", "{30593AAC-B7EC-4A44-AB1B-ED5111A7BFD1}"
EndProject
Project("{9A19103F-16F7-4668-BE54-9A1E7A4F7556}") = "ProductShop.Models", "..\..\XML\ProductShop\ProductShop.Models\ProductShop.Models.csproj", "{B18F831B-1DC9-4DAF-BE2F-726C0B1383AF}"
EndProject
Project("{9A19103F-16F7-4668-BE54-9A1E7A4F7556}") = "ProductShop.Data", "..\..\XML\ProductShop\ProductShop.Data\ProductShop.Data.csproj", "{C331065A-9B53-423F-B501-D8C1B8220BAC}"
EndProject
Global
	GlobalSection(SolutionConfigurationPlatforms) = preSolution
		Debug|Any CPU = Debug|Any CPU
		Release|Any CPU = Release|Any CPU
	EndGlobalSection
	GlobalSection(ProjectConfigurationPlatforms) = postSolution
		{30593AAC-B7EC-4A44-AB1B-ED5111A7BFD1}.Debug|Any CPU.ActiveCfg = Debug|Any CPU
		{30593AAC-B7EC-4A44-AB1B-ED5111A7BFD1}.Debug|Any CPU.Build.0 = Debug|Any CPU
		{30593AAC-B7EC-4A44-AB1B-ED5111A7BFD1}.Release|Any CPU.ActiveCfg = Release|Any CPU
		{30593AAC-B7EC-4A44-AB1B-ED5111A7BFD1}.Release|Any CPU.Build.0 = Release|Any CPU
		{B18F831B-1DC9-4DAF-BE2F-726C0B1383AF}.Debug|Any CPU.ActiveCfg = Debug|Any CPU
		{B18F831B-1DC9-4DAF-BE2F-726C0B1383AF}.Debug|Any CPU.Build.0 = Debug|Any CPU
		{B18F831B-1DC9-4DAF-BE2F-726C0B1383AF}.Release|Any CPU.ActiveCfg = Release|Any CPU
		{B18F831B-1DC9-4DAF-BE2F-726C0B1383AF}.Release|Any CPU.Build.0 = Release|Any CPU
		{C331065A-9B53-423F-B501-D8C1B8220BAC}.Debug|Any CPU.ActiveCfg = Debug|Any CPU
		{C331065A-9B53-423F-B501-D8C1B8220BAC}.Debug|Any CPU.Build.0 = Debug|Any CPU
		{C331065A-9B53-423F-B501-D8C1B8220BAC}.Release|Any CPU.ActiveCfg = Release|Any CPU
		{C331065A-9B53-423F-B501-D8C1B8220BAC}.Release|Any CPU.Build.0 = Release|Any CPU
	EndGlobalSection
	GlobalSection(SolutionProperties) = preSolution
		HideSolutionNode = FALSE
	EndGlobalSection
	GlobalSection(ExtensibilityGlobals) = postSolution
		SolutionGuid = {A0B79043-27D1-49E7-97BD-20767AE22DE9}
	EndGlobalSection
EndGlobal
