
Microsoft Visual Studio Solution File, Format Version 12.00
# Visual Studio 15
VisualStudioVersion = 15.0.27703.2026
MinimumVisualStudioVersion = 10.0.40219.1
Project("{FAE04EC0-301F-11D3-BF4B-00C04F79EFBC}") = "P03_SalesDatabase", "P03_SalesDatabase\P03_SalesDatabase.csproj", "{6BCC3A6C-4B1A-416A-9CD3-18ED5BEE53D3}"
EndProject
Project("{FAE04EC0-301F-11D3-BF4B-00C04F79EFBC}") = "P03_SalesDatabase.Data", "P03_SalesDatabase.Data\P03_SalesDatabase.Data.csproj", "{2AC734D3-59AE-4A71-8A49-5847ECB89D3E}"
EndProject
Project("{FAE04EC0-301F-11D3-BF4B-00C04F79EFBC}") = "P03_SalesDatabase.Data.Models", "P03_SalesDatabase.Data.Models\P03_SalesDatabase.Data.Models.csproj", "{F2C7FE7C-0BE8-49FB-84A6-4A6A12F267B5}"
EndProject
Global
	GlobalSection(SolutionConfigurationPlatforms) = preSolution
		Debug|Any CPU = Debug|Any CPU
		Release|Any CPU = Release|Any CPU
	EndGlobalSection
	GlobalSection(ProjectConfigurationPlatforms) = postSolution
		{6BCC3A6C-4B1A-416A-9CD3-18ED5BEE53D3}.Debug|Any CPU.ActiveCfg = Debug|Any CPU
		{6BCC3A6C-4B1A-416A-9CD3-18ED5BEE53D3}.Debug|Any CPU.Build.0 = Debug|Any CPU
		{6BCC3A6C-4B1A-416A-9CD3-18ED5BEE53D3}.Release|Any CPU.ActiveCfg = Release|Any CPU
		{6BCC3A6C-4B1A-416A-9CD3-18ED5BEE53D3}.Release|Any CPU.Build.0 = Release|Any CPU
		{2AC734D3-59AE-4A71-8A49-5847ECB89D3E}.Debug|Any CPU.ActiveCfg = Debug|Any CPU
		{2AC734D3-59AE-4A71-8A49-5847ECB89D3E}.Debug|Any CPU.Build.0 = Debug|Any CPU
		{2AC734D3-59AE-4A71-8A49-5847ECB89D3E}.Release|Any CPU.ActiveCfg = Release|Any CPU
		{2AC734D3-59AE-4A71-8A49-5847ECB89D3E}.Release|Any CPU.Build.0 = Release|Any CPU
		{F2C7FE7C-0BE8-49FB-84A6-4A6A12F267B5}.Debug|Any CPU.ActiveCfg = Debug|Any CPU
		{F2C7FE7C-0BE8-49FB-84A6-4A6A12F267B5}.Debug|Any CPU.Build.0 = Debug|Any CPU
		{F2C7FE7C-0BE8-49FB-84A6-4A6A12F267B5}.Release|Any CPU.ActiveCfg = Release|Any CPU
		{F2C7FE7C-0BE8-49FB-84A6-4A6A12F267B5}.Release|Any CPU.Build.0 = Release|Any CPU
	EndGlobalSection
	GlobalSection(SolutionProperties) = preSolution
		HideSolutionNode = FALSE
	EndGlobalSection
	GlobalSection(ExtensibilityGlobals) = postSolution
		SolutionGuid = {6A911B6C-9F46-4A41-ACB0-E77F68D6D931}
	EndGlobalSection
EndGlobal
