
Microsoft Visual Studio Solution File, Format Version 12.00
# Visual Studio 15
VisualStudioVersion = 15.0.27703.2026
MinimumVisualStudioVersion = 10.0.40219.1
Project("{FAE04EC0-301F-11D3-BF4B-00C04F79EFBC}") = "Empoyees.App", "Empoyees.App\Empoyees.App.csproj", "{380C7055-41CD-4100-A25D-7BA3BDEF62C6}"
EndProject
Project("{FAE04EC0-301F-11D3-BF4B-00C04F79EFBC}") = "Employees.Models", "Employees.Models\Employees.Models.csproj", "{AA2A178D-92CF-4120-B76F-1C43AF17A827}"
EndProject
Project("{FAE04EC0-301F-11D3-BF4B-00C04F79EFBC}") = "Employees.Data", "Employees.Data\Employees.Data.csproj", "{F4EE2721-63C4-49F4-AD86-0D8D2C00DA89}"
EndProject
Global
	GlobalSection(SolutionConfigurationPlatforms) = preSolution
		Debug|Any CPU = Debug|Any CPU
		Release|Any CPU = Release|Any CPU
	EndGlobalSection
	GlobalSection(ProjectConfigurationPlatforms) = postSolution
		{380C7055-41CD-4100-A25D-7BA3BDEF62C6}.Debug|Any CPU.ActiveCfg = Debug|Any CPU
		{380C7055-41CD-4100-A25D-7BA3BDEF62C6}.Debug|Any CPU.Build.0 = Debug|Any CPU
		{380C7055-41CD-4100-A25D-7BA3BDEF62C6}.Release|Any CPU.ActiveCfg = Release|Any CPU
		{380C7055-41CD-4100-A25D-7BA3BDEF62C6}.Release|Any CPU.Build.0 = Release|Any CPU
		{AA2A178D-92CF-4120-B76F-1C43AF17A827}.Debug|Any CPU.ActiveCfg = Debug|Any CPU
		{AA2A178D-92CF-4120-B76F-1C43AF17A827}.Debug|Any CPU.Build.0 = Debug|Any CPU
		{AA2A178D-92CF-4120-B76F-1C43AF17A827}.Release|Any CPU.ActiveCfg = Release|Any CPU
		{AA2A178D-92CF-4120-B76F-1C43AF17A827}.Release|Any CPU.Build.0 = Release|Any CPU
		{F4EE2721-63C4-49F4-AD86-0D8D2C00DA89}.Debug|Any CPU.ActiveCfg = Debug|Any CPU
		{F4EE2721-63C4-49F4-AD86-0D8D2C00DA89}.Debug|Any CPU.Build.0 = Debug|Any CPU
		{F4EE2721-63C4-49F4-AD86-0D8D2C00DA89}.Release|Any CPU.ActiveCfg = Release|Any CPU
		{F4EE2721-63C4-49F4-AD86-0D8D2C00DA89}.Release|Any CPU.Build.0 = Release|Any CPU
	EndGlobalSection
	GlobalSection(SolutionProperties) = preSolution
		HideSolutionNode = FALSE
	EndGlobalSection
	GlobalSection(ExtensibilityGlobals) = postSolution
		SolutionGuid = {4C1DE0E0-8637-410B-9ADD-96985160F474}
	EndGlobalSection
EndGlobal
